
Microsoft Visual Studio Solution File, Format Version 12.00
# Visual Studio Version 16
VisualStudioVersion = 16.0.30114.105
MinimumVisualStudioVersion = 10.0.40219.1
Project("{FAE04EC0-301F-11D3-BF4B-00C04F79EFBC}") = "MultiConverterGUI", "MultiConverterGUI\MultiConverterGUI.csproj", "{95B5AAF2-97E2-4D66-953B-F9A17CEE827D}"
EndProject
Project("{FAE04EC0-301F-11D3-BF4B-00C04F79EFBC}") = "MultiConverterLib", "MultiConverterLib\MultiConverterLib.csproj", "{98CEB829-8C46-44BC-A4BB-F7F647B9DFEB}"
EndProject
Global
	GlobalSection(SolutionConfigurationPlatforms) = preSolution
		Debug|Any CPU = Debug|Any CPU
		Release|Any CPU = Release|Any CPU
	EndGlobalSection
	GlobalSection(SolutionProperties) = preSolution
		HideSolutionNode = FALSE
	EndGlobalSection
	GlobalSection(ProjectConfigurationPlatforms) = postSolution
		{95B5AAF2-97E2-4D66-953B-F9A17CEE827D}.Debug|Any CPU.ActiveCfg = Debug|Any CPU
		{95B5AAF2-97E2-4D66-953B-F9A17CEE827D}.Debug|Any CPU.Build.0 = Debug|Any CPU
		{95B5AAF2-97E2-4D66-953B-F9A17CEE827D}.Release|Any CPU.ActiveCfg = Release|Any CPU
		{95B5AAF2-97E2-4D66-953B-F9A17CEE827D}.Release|Any CPU.Build.0 = Release|Any CPU
		{98CEB829-8C46-44BC-A4BB-F7F647B9DFEB}.Debug|Any CPU.ActiveCfg = Debug|Any CPU
		{98CEB829-8C46-44BC-A4BB-F7F647B9DFEB}.Debug|Any CPU.Build.0 = Debug|Any CPU
		{98CEB829-8C46-44BC-A4BB-F7F647B9DFEB}.Release|Any CPU.ActiveCfg = Release|Any CPU
		{98CEB829-8C46-44BC-A4BB-F7F647B9DFEB}.Release|Any CPU.Build.0 = Release|Any CPU
	EndGlobalSection
EndGlobal
